// !$*UTF8*$!
{
	archiveVersion = 1;
	classes = {
	};
	objectVersion = 46;
	objects = {

/* Begin PBXBuildFile section */
		387CE8B0F6DF17EFC83CD267 /* Pods_TraxyAppTests.framework in Frameworks */ = {isa = PBXBuildFile; fileRef = 43A7378C1C73A90A5579F17D /* Pods_TraxyAppTests.framework */; };
		9E2855201DD10DE500224A11 /* MainViewController.swift in Sources */ = {isa = PBXBuildFile; fileRef = 9E28551F1DD10DE500224A11 /* MainViewController.swift */; };
		9E2855221DD10DF800224A11 /* SignUpViewController.swift in Sources */ = {isa = PBXBuildFile; fileRef = 9E2855211DD10DF800224A11 /* SignUpViewController.swift */; };
		9E2855241DD1136300224A11 /* UIViewcontroller+Validation.swift in Sources */ = {isa = PBXBuildFile; fileRef = 9E2855231DD1136300224A11 /* UIViewcontroller+Validation.swift */; };
		9E29EF211DDB9C7F00A1E622 /* TraxyLoginViewController.swift in Sources */ = {isa = PBXBuildFile; fileRef = 9E29EF201DDB9C7F00A1E622 /* TraxyLoginViewController.swift */; };
		9E29EF231DDB9D9D00A1E622 /* TraxyLoginButton.swift in Sources */ = {isa = PBXBuildFile; fileRef = 9E29EF221DDB9D9D00A1E622 /* TraxyLoginButton.swift */; };
		9E6541141DCA358C009254CF /* AppDelegate.swift in Sources */ = {isa = PBXBuildFile; fileRef = 9E6541131DCA358C009254CF /* AppDelegate.swift */; };
		9E6541161DCA358C009254CF /* LoginViewController.swift in Sources */ = {isa = PBXBuildFile; fileRef = 9E6541151DCA358C009254CF /* LoginViewController.swift */; };
		9E6541191DCA358C009254CF /* Main.storyboard in Resources */ = {isa = PBXBuildFile; fileRef = 9E6541171DCA358C009254CF /* Main.storyboard */; };
		9E65411B1DCA358C009254CF /* Assets.xcassets in Resources */ = {isa = PBXBuildFile; fileRef = 9E65411A1DCA358C009254CF /* Assets.xcassets */; };
		9E65411E1DCA358C009254CF /* LaunchScreen.storyboard in Resources */ = {isa = PBXBuildFile; fileRef = 9E65411C1DCA358C009254CF /* LaunchScreen.storyboard */; };
		9E6541291DCA358C009254CF /* TraxyAppTests.swift in Sources */ = {isa = PBXBuildFile; fileRef = 9E6541281DCA358C009254CF /* TraxyAppTests.swift */; };
		9E6541341DCA358C009254CF /* TraxyAppUITests.swift in Sources */ = {isa = PBXBuildFile; fileRef = 9E6541331DCA358C009254CF /* TraxyAppUITests.swift */; };
		9ED5618D1DDCCDF0004EAC43 /* Journal.swift in Sources */ = {isa = PBXBuildFile; fileRef = 9ED5618C1DDCCDF0004EAC43 /* Journal.swift */; };
		9ED5618F1DDCCEFF004EAC43 /* JournalModel.swift in Sources */ = {isa = PBXBuildFile; fileRef = 9ED5618E1DDCCEFF004EAC43 /* JournalModel.swift */; };
		9EE2D0801DE3941E00614160 /* AddJournalViewController.swift in Sources */ = {isa = PBXBuildFile; fileRef = 9EE2D07F1DE3941E00614160 /* AddJournalViewController.swift */; };
		9EE2D0821DE4D7DD00614160 /* APIKeys.swift in Sources */ = {isa = PBXBuildFile; fileRef = 9EE2D0811DE4D7DD00614160 /* APIKeys.swift */; };
		9EE39ED61DDD0BAF00F7180A /* TraxyLoginLabel.swift in Sources */ = {isa = PBXBuildFile; fileRef = 9EE39ED51DDD0BAF00F7180A /* TraxyLoginLabel.swift */; };
		9EE39ED81DDD0C5C00F7180A /* TraxyLoginTextField.swift in Sources */ = {isa = PBXBuildFile; fileRef = 9EE39ED71DDD0C5C00F7180A /* TraxyLoginTextField.swift */; };
		9EE39EDB1DDDF2D100F7180A /* TraxyMainTableViewCell.swift in Sources */ = {isa = PBXBuildFile; fileRef = 9EE39EDA1DDDF2D100F7180A /* TraxyMainTableViewCell.swift */; };
		AA7B197299AFE843346D11FA /* Pods_TraxyApp.framework in Frameworks */ = {isa = PBXBuildFile; fileRef = 04EB50ED7D2073F08D9AE7A1 /* Pods_TraxyApp.framework */; };
		E636FC13A77E8F35E8701750 /* Pods_TraxyAppUITests.framework in Frameworks */ = {isa = PBXBuildFile; fileRef = B594B1F20AAD6D04D9407EBD /* Pods_TraxyAppUITests.framework */; };
/* End PBXBuildFile section */

/* Begin PBXContainerItemProxy section */
		9E6541251DCA358C009254CF /* PBXContainerItemProxy */ = {
			isa = PBXContainerItemProxy;
			containerPortal = 9E6541081DCA358C009254CF /* Project object */;
			proxyType = 1;
			remoteGlobalIDString = 9E65410F1DCA358C009254CF;
			remoteInfo = TraxyApp;
		};
		9E6541301DCA358C009254CF /* PBXContainerItemProxy */ = {
			isa = PBXContainerItemProxy;
			containerPortal = 9E6541081DCA358C009254CF /* Project object */;
			proxyType = 1;
			remoteGlobalIDString = 9E65410F1DCA358C009254CF;
			remoteInfo = TraxyApp;
		};
/* End PBXContainerItemProxy section */

/* Begin PBXFileReference section */
		04EB50ED7D2073F08D9AE7A1 /* Pods_TraxyApp.framework */ = {isa = PBXFileReference; explicitFileType = wrapper.framework; includeInIndex = 0; path = Pods_TraxyApp.framework; sourceTree = BUILT_PRODUCTS_DIR; };
		068A72787DF7AF21B6902A04 /* Pods-TraxyApp.release.xcconfig */ = {isa = PBXFileReference; includeInIndex = 1; lastKnownFileType = text.xcconfig; name = "Pods-TraxyApp.release.xcconfig"; path = "Pods/Target Support Files/Pods-TraxyApp/Pods-TraxyApp.release.xcconfig"; sourceTree = "<group>"; };
		299B93A4B502B9294760C45D /* Pods-TraxyAppUITests.debug.xcconfig */ = {isa = PBXFileReference; includeInIndex = 1; lastKnownFileType = text.xcconfig; name = "Pods-TraxyAppUITests.debug.xcconfig"; path = "Pods/Target Support Files/Pods-TraxyAppUITests/Pods-TraxyAppUITests.debug.xcconfig"; sourceTree = "<group>"; };
		43A7378C1C73A90A5579F17D /* Pods_TraxyAppTests.framework */ = {isa = PBXFileReference; explicitFileType = wrapper.framework; includeInIndex = 0; path = Pods_TraxyAppTests.framework; sourceTree = BUILT_PRODUCTS_DIR; };
		6177555F455CF49F2F71605F /* Pods-TraxyAppTests.release.xcconfig */ = {isa = PBXFileReference; includeInIndex = 1; lastKnownFileType = text.xcconfig; name = "Pods-TraxyAppTests.release.xcconfig"; path = "Pods/Target Support Files/Pods-TraxyAppTests/Pods-TraxyAppTests.release.xcconfig"; sourceTree = "<group>"; };
		973A22E9AD4F2304FAC71CCE /* Pods-TraxyAppUITests.release.xcconfig */ = {isa = PBXFileReference; includeInIndex = 1; lastKnownFileType = text.xcconfig; name = "Pods-TraxyAppUITests.release.xcconfig"; path = "Pods/Target Support Files/Pods-TraxyAppUITests/Pods-TraxyAppUITests.release.xcconfig"; sourceTree = "<group>"; };
		9E28551F1DD10DE500224A11 /* MainViewController.swift */ = {isa = PBXFileReference; fileEncoding = 4; lastKnownFileType = sourcecode.swift; path = MainViewController.swift; sourceTree = "<group>"; };
		9E2855211DD10DF800224A11 /* SignUpViewController.swift */ = {isa = PBXFileReference; fileEncoding = 4; lastKnownFileType = sourcecode.swift; path = SignUpViewController.swift; sourceTree = "<group>"; };
		9E2855231DD1136300224A11 /* UIViewcontroller+Validation.swift */ = {isa = PBXFileReference; fileEncoding = 4; lastKnownFileType = sourcecode.swift; path = "UIViewcontroller+Validation.swift"; sourceTree = "<group>"; };
		9E29EF201DDB9C7F00A1E622 /* TraxyLoginViewController.swift */ = {isa = PBXFileReference; fileEncoding = 4; lastKnownFileType = sourcecode.swift; path = TraxyLoginViewController.swift; sourceTree = "<group>"; };
		9E29EF221DDB9D9D00A1E622 /* TraxyLoginButton.swift */ = {isa = PBXFileReference; fileEncoding = 4; lastKnownFileType = sourcecode.swift; path = TraxyLoginButton.swift; sourceTree = "<group>"; };
		9E6541101DCA358C009254CF /* TraxyApp.app */ = {isa = PBXFileReference; explicitFileType = wrapper.application; includeInIndex = 0; path = TraxyApp.app; sourceTree = BUILT_PRODUCTS_DIR; };
		9E6541131DCA358C009254CF /* AppDelegate.swift */ = {isa = PBXFileReference; lastKnownFileType = sourcecode.swift; path = AppDelegate.swift; sourceTree = "<group>"; };
		9E6541151DCA358C009254CF /* LoginViewController.swift */ = {isa = PBXFileReference; lastKnownFileType = sourcecode.swift; path = LoginViewController.swift; sourceTree = "<group>"; };
		9E6541181DCA358C009254CF /* Base */ = {isa = PBXFileReference; lastKnownFileType = file.storyboard; name = Base; path = Base.lproj/Main.storyboard; sourceTree = "<group>"; };
		9E65411A1DCA358C009254CF /* Assets.xcassets */ = {isa = PBXFileReference; lastKnownFileType = folder.assetcatalog; path = Assets.xcassets; sourceTree = "<group>"; };
		9E65411D1DCA358C009254CF /* Base */ = {isa = PBXFileReference; lastKnownFileType = file.storyboard; name = Base; path = Base.lproj/LaunchScreen.storyboard; sourceTree = "<group>"; };
		9E65411F1DCA358C009254CF /* Info.plist */ = {isa = PBXFileReference; lastKnownFileType = text.plist.xml; path = Info.plist; sourceTree = "<group>"; };
		9E6541241DCA358C009254CF /* TraxyAppTests.xctest */ = {isa = PBXFileReference; explicitFileType = wrapper.cfbundle; includeInIndex = 0; path = TraxyAppTests.xctest; sourceTree = BUILT_PRODUCTS_DIR; };
		9E6541281DCA358C009254CF /* TraxyAppTests.swift */ = {isa = PBXFileReference; lastKnownFileType = sourcecode.swift; path = TraxyAppTests.swift; sourceTree = "<group>"; };
		9E65412A1DCA358C009254CF /* Info.plist */ = {isa = PBXFileReference; lastKnownFileType = text.plist.xml; path = Info.plist; sourceTree = "<group>"; };
		9E65412F1DCA358C009254CF /* TraxyAppUITests.xctest */ = {isa = PBXFileReference; explicitFileType = wrapper.cfbundle; includeInIndex = 0; path = TraxyAppUITests.xctest; sourceTree = BUILT_PRODUCTS_DIR; };
		9E6541331DCA358C009254CF /* TraxyAppUITests.swift */ = {isa = PBXFileReference; lastKnownFileType = sourcecode.swift; path = TraxyAppUITests.swift; sourceTree = "<group>"; };
		9E6541351DCA358C009254CF /* Info.plist */ = {isa = PBXFileReference; lastKnownFileType = text.plist.xml; path = Info.plist; sourceTree = "<group>"; };
		9ED5618C1DDCCDF0004EAC43 /* Journal.swift */ = {isa = PBXFileReference; fileEncoding = 4; lastKnownFileType = sourcecode.swift; path = Journal.swift; sourceTree = "<group>"; };
		9ED5618E1DDCCEFF004EAC43 /* JournalModel.swift */ = {isa = PBXFileReference; fileEncoding = 4; lastKnownFileType = sourcecode.swift; path = JournalModel.swift; sourceTree = "<group>"; };
		9EE2D07F1DE3941E00614160 /* AddJournalViewController.swift */ = {isa = PBXFileReference; fileEncoding = 4; lastKnownFileType = sourcecode.swift; path = AddJournalViewController.swift; sourceTree = "<group>"; };
		9EE2D0811DE4D7DD00614160 /* APIKeys.swift */ = {isa = PBXFileReference; fileEncoding = 4; lastKnownFileType = sourcecode.swift; path = APIKeys.swift; sourceTree = "<group>"; };
		9EE39ED51DDD0BAF00F7180A /* TraxyLoginLabel.swift */ = {isa = PBXFileReference; fileEncoding = 4; lastKnownFileType = sourcecode.swift; path = TraxyLoginLabel.swift; sourceTree = "<group>"; };
		9EE39ED71DDD0C5C00F7180A /* TraxyLoginTextField.swift */ = {isa = PBXFileReference; fileEncoding = 4; lastKnownFileType = sourcecode.swift; path = TraxyLoginTextField.swift; sourceTree = "<group>"; };
		9EE39EDA1DDDF2D100F7180A /* TraxyMainTableViewCell.swift */ = {isa = PBXFileReference; fileEncoding = 4; lastKnownFileType = sourcecode.swift; path = TraxyMainTableViewCell.swift; sourceTree = "<group>"; };
		B594B1F20AAD6D04D9407EBD /* Pods_TraxyAppUITests.framework */ = {isa = PBXFileReference; explicitFileType = wrapper.framework; includeInIndex = 0; path = Pods_TraxyAppUITests.framework; sourceTree = BUILT_PRODUCTS_DIR; };
		BF1E29C66ACAB0122BEB3EAA /* Pods-TraxyAppTests.debug.xcconfig */ = {isa = PBXFileReference; includeInIndex = 1; lastKnownFileType = text.xcconfig; name = "Pods-TraxyAppTests.debug.xcconfig"; path = "Pods/Target Support Files/Pods-TraxyAppTests/Pods-TraxyAppTests.debug.xcconfig"; sourceTree = "<group>"; };
		C61DEE7D658E37AC5C92F6E2 /* Pods-TraxyApp.debug.xcconfig */ = {isa = PBXFileReference; includeInIndex = 1; lastKnownFileType = text.xcconfig; name = "Pods-TraxyApp.debug.xcconfig"; path = "Pods/Target Support Files/Pods-TraxyApp/Pods-TraxyApp.debug.xcconfig"; sourceTree = "<group>"; };
/* End PBXFileReference section */

/* Begin PBXFrameworksBuildPhase section */
		9E65410D1DCA358C009254CF /* Frameworks */ = {
			isa = PBXFrameworksBuildPhase;
			buildActionMask = 2147483647;
			files = (
				AA7B197299AFE843346D11FA /* Pods_TraxyApp.framework in Frameworks */,
			);
			runOnlyForDeploymentPostprocessing = 0;
		};
		9E6541211DCA358C009254CF /* Frameworks */ = {
			isa = PBXFrameworksBuildPhase;
			buildActionMask = 2147483647;
			files = (
				387CE8B0F6DF17EFC83CD267 /* Pods_TraxyAppTests.framework in Frameworks */,
			);
			runOnlyForDeploymentPostprocessing = 0;
		};
		9E65412C1DCA358C009254CF /* Frameworks */ = {
			isa = PBXFrameworksBuildPhase;
			buildActionMask = 2147483647;
			files = (
				E636FC13A77E8F35E8701750 /* Pods_TraxyAppUITests.framework in Frameworks */,
			);
			runOnlyForDeploymentPostprocessing = 0;
		};
/* End PBXFrameworksBuildPhase section */

/* Begin PBXGroup section */
		8F901D416B2874166728B97A /* Pods */ = {
			isa = PBXGroup;
			children = (
				C61DEE7D658E37AC5C92F6E2 /* Pods-TraxyApp.debug.xcconfig */,
				068A72787DF7AF21B6902A04 /* Pods-TraxyApp.release.xcconfig */,
				BF1E29C66ACAB0122BEB3EAA /* Pods-TraxyAppTests.debug.xcconfig */,
				6177555F455CF49F2F71605F /* Pods-TraxyAppTests.release.xcconfig */,
				299B93A4B502B9294760C45D /* Pods-TraxyAppUITests.debug.xcconfig */,
				973A22E9AD4F2304FAC71CCE /* Pods-TraxyAppUITests.release.xcconfig */,
			);
			name = Pods;
			sourceTree = "<group>";
		};
		9E6541071DCA358C009254CF = {
			isa = PBXGroup;
			children = (
				9E6541121DCA358C009254CF /* TraxyApp */,
				9E6541271DCA358C009254CF /* TraxyAppTests */,
				9E6541321DCA358C009254CF /* TraxyAppUITests */,
				9E6541111DCA358C009254CF /* Products */,
				8F901D416B2874166728B97A /* Pods */,
				AD9F3DA24A36B930DEBDF60A /* Frameworks */,
			);
			sourceTree = "<group>";
		};
		9E6541111DCA358C009254CF /* Products */ = {
			isa = PBXGroup;
			children = (
				9E6541101DCA358C009254CF /* TraxyApp.app */,
				9E6541241DCA358C009254CF /* TraxyAppTests.xctest */,
				9E65412F1DCA358C009254CF /* TraxyAppUITests.xctest */,
			);
			name = Products;
			sourceTree = "<group>";
		};
		9E6541121DCA358C009254CF /* TraxyApp */ = {
			isa = PBXGroup;
			children = (
				9EE39ED91DDD108200F7180A /* Utils */,
				9ED5618B1DDCCDBB004EAC43 /* Models */,
				9ED5618A1DDCCDAC004EAC43 /* Views */,
				9ED561891DDCCD91004EAC43 /* Controllers */,
				9E65411F1DCA358C009254CF /* Info.plist */,
				9E6541131DCA358C009254CF /* AppDelegate.swift */,
			);
			path = TraxyApp;
			sourceTree = "<group>";
		};
		9E6541271DCA358C009254CF /* TraxyAppTests */ = {
			isa = PBXGroup;
			children = (
				9E6541281DCA358C009254CF /* TraxyAppTests.swift */,
				9E65412A1DCA358C009254CF /* Info.plist */,
			);
			path = TraxyAppTests;
			sourceTree = "<group>";
		};
		9E6541321DCA358C009254CF /* TraxyAppUITests */ = {
			isa = PBXGroup;
			children = (
				9E6541331DCA358C009254CF /* TraxyAppUITests.swift */,
				9E6541351DCA358C009254CF /* Info.plist */,
			);
			path = TraxyAppUITests;
			sourceTree = "<group>";
		};
		9ED561891DDCCD91004EAC43 /* Controllers */ = {
			isa = PBXGroup;
			children = (
				9E6541151DCA358C009254CF /* LoginViewController.swift */,
				9E28551F1DD10DE500224A11 /* MainViewController.swift */,
				9E2855211DD10DF800224A11 /* SignUpViewController.swift */,
				9E2855231DD1136300224A11 /* UIViewcontroller+Validation.swift */,
				9E29EF201DDB9C7F00A1E622 /* TraxyLoginViewController.swift */,
				9EE2D07F1DE3941E00614160 /* AddJournalViewController.swift */,
			);
			name = Controllers;
			sourceTree = "<group>";
		};
		9ED5618A1DDCCDAC004EAC43 /* Views */ = {
			isa = PBXGroup;
			children = (
				9E6541171DCA358C009254CF /* Main.storyboard */,
				9E65411A1DCA358C009254CF /* Assets.xcassets */,
				9E65411C1DCA358C009254CF /* LaunchScreen.storyboard */,
				9E29EF221DDB9D9D00A1E622 /* TraxyLoginButton.swift */,
				9EE39ED51DDD0BAF00F7180A /* TraxyLoginLabel.swift */,
				9EE39ED71DDD0C5C00F7180A /* TraxyLoginTextField.swift */,
				9EE39EDA1DDDF2D100F7180A /* TraxyMainTableViewCell.swift */,
			);
			name = Views;
			sourceTree = "<group>";
		};
		9ED5618B1DDCCDBB004EAC43 /* Models */ = {
			isa = PBXGroup;
			children = (
				9ED5618C1DDCCDF0004EAC43 /* Journal.swift */,
				9ED5618E1DDCCEFF004EAC43 /* JournalModel.swift */,
			);
			name = Models;
			sourceTree = "<group>";
		};
		9EE39ED91DDD108200F7180A /* Utils */ = {
			isa = PBXGroup;
			children = (
				9EE2D0811DE4D7DD00614160 /* APIKeys.swift */,
			);
			name = Utils;
			sourceTree = "<group>";
		};
		AD9F3DA24A36B930DEBDF60A /* Frameworks */ = {
			isa = PBXGroup;
			children = (
				04EB50ED7D2073F08D9AE7A1 /* Pods_TraxyApp.framework */,
				43A7378C1C73A90A5579F17D /* Pods_TraxyAppTests.framework */,
				B594B1F20AAD6D04D9407EBD /* Pods_TraxyAppUITests.framework */,
			);
			name = Frameworks;
			sourceTree = "<group>";
		};
/* End PBXGroup section */

/* Begin PBXNativeTarget section */
		9E65410F1DCA358C009254CF /* TraxyApp */ = {
			isa = PBXNativeTarget;
			buildConfigurationList = 9E6541381DCA358C009254CF /* Build configuration list for PBXNativeTarget "TraxyApp" */;
			buildPhases = (
				3DCC0F71F949B823519E02C4 /* [CP] Check Pods Manifest.lock */,
				9E65410C1DCA358C009254CF /* Sources */,
				9E65410D1DCA358C009254CF /* Frameworks */,
				9E65410E1DCA358C009254CF /* Resources */,
				BCB06079BCE8EEB3F52A154A /* [CP] Embed Pods Frameworks */,
				45697C0DD1CAE66379688EBE /* [CP] Copy Pods Resources */,
			);
			buildRules = (
			);
			dependencies = (
			);
			name = TraxyApp;
			productName = TraxyApp;
			productReference = 9E6541101DCA358C009254CF /* TraxyApp.app */;
			productType = "com.apple.product-type.application";
		};
		9E6541231DCA358C009254CF /* TraxyAppTests */ = {
			isa = PBXNativeTarget;
			buildConfigurationList = 9E65413B1DCA358C009254CF /* Build configuration list for PBXNativeTarget "TraxyAppTests" */;
			buildPhases = (
				6DB3E9C4238EF2F9F38D5019 /* [CP] Check Pods Manifest.lock */,
				9E6541201DCA358C009254CF /* Sources */,
				9E6541211DCA358C009254CF /* Frameworks */,
				9E6541221DCA358C009254CF /* Resources */,
				80394DD2E449063F4E45E907 /* [CP] Embed Pods Frameworks */,
				AFB0B56DEC5886B36746F87B /* [CP] Copy Pods Resources */,
			);
			buildRules = (
			);
			dependencies = (
				9E6541261DCA358C009254CF /* PBXTargetDependency */,
			);
			name = TraxyAppTests;
			productName = TraxyAppTests;
			productReference = 9E6541241DCA358C009254CF /* TraxyAppTests.xctest */;
			productType = "com.apple.product-type.bundle.unit-test";
		};
		9E65412E1DCA358C009254CF /* TraxyAppUITests */ = {
			isa = PBXNativeTarget;
			buildConfigurationList = 9E65413E1DCA358C009254CF /* Build configuration list for PBXNativeTarget "TraxyAppUITests" */;
			buildPhases = (
				0B5785FC9EB6BDA825CEC8CB /* [CP] Check Pods Manifest.lock */,
				9E65412B1DCA358C009254CF /* Sources */,
				9E65412C1DCA358C009254CF /* Frameworks */,
				9E65412D1DCA358C009254CF /* Resources */,
				DDB9328F424C69963678BB92 /* [CP] Embed Pods Frameworks */,
				8A6289DEE1D330A245786A51 /* [CP] Copy Pods Resources */,
			);
			buildRules = (
			);
			dependencies = (
				9E6541311DCA358C009254CF /* PBXTargetDependency */,
			);
			name = TraxyAppUITests;
			productName = TraxyAppUITests;
			productReference = 9E65412F1DCA358C009254CF /* TraxyAppUITests.xctest */;
			productType = "com.apple.product-type.bundle.ui-testing";
		};
/* End PBXNativeTarget section */

/* Begin PBXProject section */
		9E6541081DCA358C009254CF /* Project object */ = {
			isa = PBXProject;
			attributes = {
				LastSwiftUpdateCheck = 0800;
				LastUpgradeCheck = 0800;
				ORGANIZATIONNAME = "Jonathan Engelsma";
				TargetAttributes = {
					9E65410F1DCA358C009254CF = {
						CreatedOnToolsVersion = 8.0;
						DevelopmentTeam = E8L8N4A5R2;
						ProvisioningStyle = Automatic;
					};
					9E6541231DCA358C009254CF = {
						CreatedOnToolsVersion = 8.0;
						DevelopmentTeam = E8L8N4A5R2;
						ProvisioningStyle = Automatic;
						TestTargetID = 9E65410F1DCA358C009254CF;
					};
					9E65412E1DCA358C009254CF = {
						CreatedOnToolsVersion = 8.0;
						DevelopmentTeam = E8L8N4A5R2;
						ProvisioningStyle = Automatic;
						TestTargetID = 9E65410F1DCA358C009254CF;
					};
				};
			};
			buildConfigurationList = 9E65410B1DCA358C009254CF /* Build configuration list for PBXProject "TraxyApp" */;
			compatibilityVersion = "Xcode 3.2";
			developmentRegion = English;
			hasScannedForEncodings = 0;
			knownRegions = (
				en,
				Base,
			);
			mainGroup = 9E6541071DCA358C009254CF;
			productRefGroup = 9E6541111DCA358C009254CF /* Products */;
			projectDirPath = "";
			projectRoot = "";
			targets = (
				9E65410F1DCA358C009254CF /* TraxyApp */,
				9E6541231DCA358C009254CF /* TraxyAppTests */,
				9E65412E1DCA358C009254CF /* TraxyAppUITests */,
			);
		};
/* End PBXProject section */

/* Begin PBXResourcesBuildPhase section */
		9E65410E1DCA358C009254CF /* Resources */ = {
			isa = PBXResourcesBuildPhase;
			buildActionMask = 2147483647;
			files = (
				9E65411E1DCA358C009254CF /* LaunchScreen.storyboard in Resources */,
				9E65411B1DCA358C009254CF /* Assets.xcassets in Resources */,
				9E6541191DCA358C009254CF /* Main.storyboard in Resources */,
			);
			runOnlyForDeploymentPostprocessing = 0;
		};
		9E6541221DCA358C009254CF /* Resources */ = {
			isa = PBXResourcesBuildPhase;
			buildActionMask = 2147483647;
			files = (
			);
			runOnlyForDeploymentPostprocessing = 0;
		};
		9E65412D1DCA358C009254CF /* Resources */ = {
			isa = PBXResourcesBuildPhase;
			buildActionMask = 2147483647;
			files = (
			);
			runOnlyForDeploymentPostprocessing = 0;
		};
/* End PBXResourcesBuildPhase section */

/* Begin PBXShellScriptBuildPhase section */
		0B5785FC9EB6BDA825CEC8CB /* [CP] Check Pods Manifest.lock */ = {
			isa = PBXShellScriptBuildPhase;
			buildActionMask = 2147483647;
			files = (
			);
			inputPaths = (
			);
			name = "[CP] Check Pods Manifest.lock";
			outputPaths = (
			);
			runOnlyForDeploymentPostprocessing = 0;
			shellPath = /bin/sh;
			shellScript = "diff \"${PODS_ROOT}/../Podfile.lock\" \"${PODS_ROOT}/Manifest.lock\" > /dev/null\nif [ $? != 0 ] ; then\n    # print error to STDERR\n    echo \"error: The sandbox is not in sync with the Podfile.lock. Run 'pod install' or update your CocoaPods installation.\" >&2\n    exit 1\nfi\n";
			showEnvVarsInLog = 0;
		};
		3DCC0F71F949B823519E02C4 /* [CP] Check Pods Manifest.lock */ = {
			isa = PBXShellScriptBuildPhase;
			buildActionMask = 2147483647;
			files = (
			);
			inputPaths = (
			);
			name = "[CP] Check Pods Manifest.lock";
			outputPaths = (
			);
			runOnlyForDeploymentPostprocessing = 0;
			shellPath = /bin/sh;
			shellScript = "diff \"${PODS_ROOT}/../Podfile.lock\" \"${PODS_ROOT}/Manifest.lock\" > /dev/null\nif [ $? != 0 ] ; then\n    # print error to STDERR\n    echo \"error: The sandbox is not in sync with the Podfile.lock. Run 'pod install' or update your CocoaPods installation.\" >&2\n    exit 1\nfi\n";
			showEnvVarsInLog = 0;
		};
		45697C0DD1CAE66379688EBE /* [CP] Copy Pods Resources */ = {
			isa = PBXShellScriptBuildPhase;
			buildActionMask = 2147483647;
			files = (
			);
			inputPaths = (
			);
			name = "[CP] Copy Pods Resources";
			outputPaths = (
			);
			runOnlyForDeploymentPostprocessing = 0;
			shellPath = /bin/sh;
			shellScript = "\"${SRCROOT}/Pods/Target Support Files/Pods-TraxyApp/Pods-TraxyApp-resources.sh\"\n";
			showEnvVarsInLog = 0;
		};
		6DB3E9C4238EF2F9F38D5019 /* [CP] Check Pods Manifest.lock */ = {
			isa = PBXShellScriptBuildPhase;
			buildActionMask = 2147483647;
			files = (
			);
			inputPaths = (
			);
			name = "[CP] Check Pods Manifest.lock";
			outputPaths = (
			);
			runOnlyForDeploymentPostprocessing = 0;
			shellPath = /bin/sh;
			shellScript = "diff \"${PODS_ROOT}/../Podfile.lock\" \"${PODS_ROOT}/Manifest.lock\" > /dev/null\nif [ $? != 0 ] ; then\n    # print error to STDERR\n    echo \"error: The sandbox is not in sync with the Podfile.lock. Run 'pod install' or update your CocoaPods installation.\" >&2\n    exit 1\nfi\n";
			showEnvVarsInLog = 0;
		};
		80394DD2E449063F4E45E907 /* [CP] Embed Pods Frameworks */ = {
			isa = PBXShellScriptBuildPhase;
			buildActionMask = 2147483647;
			files = (
			);
			inputPaths = (
			);
			name = "[CP] Embed Pods Frameworks";
			outputPaths = (
			);
			runOnlyForDeploymentPostprocessing = 0;
			shellPath = /bin/sh;
			shellScript = "\"${SRCROOT}/Pods/Target Support Files/Pods-TraxyAppTests/Pods-TraxyAppTests-frameworks.sh\"\n";
			showEnvVarsInLog = 0;
		};
		8A6289DEE1D330A245786A51 /* [CP] Copy Pods Resources */ = {
			isa = PBXShellScriptBuildPhase;
			buildActionMask = 2147483647;
			files = (
			);
			inputPaths = (
			);
			name = "[CP] Copy Pods Resources";
			outputPaths = (
			);
			runOnlyForDeploymentPostprocessing = 0;
			shellPath = /bin/sh;
			shellScript = "\"${SRCROOT}/Pods/Target Support Files/Pods-TraxyAppUITests/Pods-TraxyAppUITests-resources.sh\"\n";
			showEnvVarsInLog = 0;
		};
		AFB0B56DEC5886B36746F87B /* [CP] Copy Pods Resources */ = {
			isa = PBXShellScriptBuildPhase;
			buildActionMask = 2147483647;
			files = (
			);
			inputPaths = (
			);
			name = "[CP] Copy Pods Resources";
			outputPaths = (
			);
			runOnlyForDeploymentPostprocessing = 0;
			shellPath = /bin/sh;
			shellScript = "\"${SRCROOT}/Pods/Target Support Files/Pods-TraxyAppTests/Pods-TraxyAppTests-resources.sh\"\n";
			showEnvVarsInLog = 0;
		};
		BCB06079BCE8EEB3F52A154A /* [CP] Embed Pods Frameworks */ = {
			isa = PBXShellScriptBuildPhase;
			buildActionMask = 2147483647;
			files = (
			);
			inputPaths = (
			);
			name = "[CP] Embed Pods Frameworks";
			outputPaths = (
			);
			runOnlyForDeploymentPostprocessing = 0;
			shellPath = /bin/sh;
			shellScript = "\"${SRCROOT}/Pods/Target Support Files/Pods-TraxyApp/Pods-TraxyApp-frameworks.sh\"\n";
			showEnvVarsInLog = 0;
		};
		DDB9328F424C69963678BB92 /* [CP] Embed Pods Frameworks */ = {
			isa = PBXShellScriptBuildPhase;
			buildActionMask = 2147483647;
			files = (
			);
			inputPaths = (
			);
			name = "[CP] Embed Pods Frameworks";
			outputPaths = (
			);
			runOnlyForDeploymentPostprocessing = 0;
			shellPath = /bin/sh;
			shellScript = "\"${SRCROOT}/Pods/Target Support Files/Pods-TraxyAppUITests/Pods-TraxyAppUITests-frameworks.sh\"\n";
			showEnvVarsInLog = 0;
		};
/* End PBXShellScriptBuildPhase section */

/* Begin PBXSourcesBuildPhase section */
		9E65410C1DCA358C009254CF /* Sources */ = {
			isa = PBXSourcesBuildPhase;
			buildActionMask = 2147483647;
			files = (
				9ED5618F1DDCCEFF004EAC43 /* JournalModel.swift in Sources */,
				9EE39ED81DDD0C5C00F7180A /* TraxyLoginTextField.swift in Sources */,
				9EE2D0821DE4D7DD00614160 /* APIKeys.swift in Sources */,
				9E2855201DD10DE500224A11 /* MainViewController.swift in Sources */,
				9E2855241DD1136300224A11 /* UIViewcontroller+Validation.swift in Sources */,
				9E6541161DCA358C009254CF /* LoginViewController.swift in Sources */,
				9ED5618D1DDCCDF0004EAC43 /* Journal.swift in Sources */,
				9EE39ED61DDD0BAF00F7180A /* TraxyLoginLabel.swift in Sources */,
				9EE39EDB1DDDF2D100F7180A /* TraxyMainTableViewCell.swift in Sources */,
				9E2855221DD10DF800224A11 /* SignUpViewController.swift in Sources */,
				9E29EF231DDB9D9D00A1E622 /* TraxyLoginButton.swift in Sources */,
				9EE2D0801DE3941E00614160 /* AddJournalViewController.swift in Sources */,
				9E29EF211DDB9C7F00A1E622 /* TraxyLoginViewController.swift in Sources */,
				9E6541141DCA358C009254CF /* AppDelegate.swift in Sources */,
			);
			runOnlyForDeploymentPostprocessing = 0;
		};
		9E6541201DCA358C009254CF /* Sources */ = {
			isa = PBXSourcesBuildPhase;
			buildActionMask = 2147483647;
			files = (
				9E6541291DCA358C009254CF /* TraxyAppTests.swift in Sources */,
			);
			runOnlyForDeploymentPostprocessing = 0;
		};
		9E65412B1DCA358C009254CF /* Sources */ = {
			isa = PBXSourcesBuildPhase;
			buildActionMask = 2147483647;
			files = (
				9E6541341DCA358C009254CF /* TraxyAppUITests.swift in Sources */,
			);
			runOnlyForDeploymentPostprocessing = 0;
		};
/* End PBXSourcesBuildPhase section */

/* Begin PBXTargetDependency section */
		9E6541261DCA358C009254CF /* PBXTargetDependency */ = {
			isa = PBXTargetDependency;
			target = 9E65410F1DCA358C009254CF /* TraxyApp */;
			targetProxy = 9E6541251DCA358C009254CF /* PBXContainerItemProxy */;
		};
		9E6541311DCA358C009254CF /* PBXTargetDependency */ = {
			isa = PBXTargetDependency;
			target = 9E65410F1DCA358C009254CF /* TraxyApp */;
			targetProxy = 9E6541301DCA358C009254CF /* PBXContainerItemProxy */;
		};
/* End PBXTargetDependency section */

/* Begin PBXVariantGroup section */
		9E6541171DCA358C009254CF /* Main.storyboard */ = {
			isa = PBXVariantGroup;
			children = (
				9E6541181DCA358C009254CF /* Base */,
			);
			name = Main.storyboard;
			sourceTree = "<group>";
		};
		9E65411C1DCA358C009254CF /* LaunchScreen.storyboard */ = {
			isa = PBXVariantGroup;
			children = (
				9E65411D1DCA358C009254CF /* Base */,
			);
			name = LaunchScreen.storyboard;
			sourceTree = "<group>";
		};
/* End PBXVariantGroup section */

/* Begin XCBuildConfiguration section */
		9E6541361DCA358C009254CF /* Debug */ = {
			isa = XCBuildConfiguration;
			buildSettings = {
				ALWAYS_SEARCH_USER_PATHS = NO;
				CLANG_ANALYZER_NONNULL = YES;
				CLANG_CXX_LANGUAGE_STANDARD = "gnu++0x";
				CLANG_CXX_LIBRARY = "libc++";
				CLANG_ENABLE_MODULES = YES;
				CLANG_ENABLE_OBJC_ARC = YES;
				CLANG_WARN_BOOL_CONVERSION = YES;
				CLANG_WARN_CONSTANT_CONVERSION = YES;
				CLANG_WARN_DIRECT_OBJC_ISA_USAGE = YES_ERROR;
				CLANG_WARN_DOCUMENTATION_COMMENTS = YES;
				CLANG_WARN_EMPTY_BODY = YES;
				CLANG_WARN_ENUM_CONVERSION = YES;
				CLANG_WARN_INFINITE_RECURSION = YES;
				CLANG_WARN_INT_CONVERSION = YES;
				CLANG_WARN_OBJC_ROOT_CLASS = YES_ERROR;
				CLANG_WARN_SUSPICIOUS_MOVES = YES;
				CLANG_WARN_UNREACHABLE_CODE = YES;
				CLANG_WARN__DUPLICATE_METHOD_MATCH = YES;
				"CODE_SIGN_IDENTITY[sdk=iphoneos*]" = "iPhone Developer";
				COPY_PHASE_STRIP = NO;
				DEBUG_INFORMATION_FORMAT = dwarf;
				ENABLE_STRICT_OBJC_MSGSEND = YES;
				ENABLE_TESTABILITY = YES;
				GCC_C_LANGUAGE_STANDARD = gnu99;
				GCC_DYNAMIC_NO_PIC = NO;
				GCC_NO_COMMON_BLOCKS = YES;
				GCC_OPTIMIZATION_LEVEL = 0;
				GCC_PREPROCESSOR_DEFINITIONS = (
					"DEBUG=1",
					"$(inherited)",
				);
				GCC_WARN_64_TO_32_BIT_CONVERSION = YES;
				GCC_WARN_ABOUT_RETURN_TYPE = YES_ERROR;
				GCC_WARN_UNDECLARED_SELECTOR = YES;
				GCC_WARN_UNINITIALIZED_AUTOS = YES_AGGRESSIVE;
				GCC_WARN_UNUSED_FUNCTION = YES;
				GCC_WARN_UNUSED_VARIABLE = YES;
				IPHONEOS_DEPLOYMENT_TARGET = 10.0;
				MTL_ENABLE_DEBUG_INFO = YES;
				ONLY_ACTIVE_ARCH = YES;
				SDKROOT = iphoneos;
				SWIFT_ACTIVE_COMPILATION_CONDITIONS = DEBUG;
				SWIFT_OPTIMIZATION_LEVEL = "-Onone";
			};
			name = Debug;
		};
		9E6541371DCA358C009254CF /* Release */ = {
			isa = XCBuildConfiguration;
			buildSettings = {
				ALWAYS_SEARCH_USER_PATHS = NO;
				CLANG_ANALYZER_NONNULL = YES;
				CLANG_CXX_LANGUAGE_STANDARD = "gnu++0x";
				CLANG_CXX_LIBRARY = "libc++";
				CLANG_ENABLE_MODULES = YES;
				CLANG_ENABLE_OBJC_ARC = YES;
				CLANG_WARN_BOOL_CONVERSION = YES;
				CLANG_WARN_CONSTANT_CONVERSION = YES;
				CLANG_WARN_DIRECT_OBJC_ISA_USAGE = YES_ERROR;
				CLANG_WARN_DOCUMENTATION_COMMENTS = YES;
				CLANG_WARN_EMPTY_BODY = YES;
				CLANG_WARN_ENUM_CONVERSION = YES;
				CLANG_WARN_INFINITE_RECURSION = YES;
				CLANG_WARN_INT_CONVERSION = YES;
				CLANG_WARN_OBJC_ROOT_CLASS = YES_ERROR;
				CLANG_WARN_SUSPICIOUS_MOVES = YES;
				CLANG_WARN_UNREACHABLE_CODE = YES;
				CLANG_WARN__DUPLICATE_METHOD_MATCH = YES;
				"CODE_SIGN_IDENTITY[sdk=iphoneos*]" = "iPhone Developer";
				COPY_PHASE_STRIP = NO;
				DEBUG_INFORMATION_FORMAT = "dwarf-with-dsym";
				ENABLE_NS_ASSERTIONS = NO;
				ENABLE_STRICT_OBJC_MSGSEND = YES;
				GCC_C_LANGUAGE_STANDARD = gnu99;
				GCC_NO_COMMON_BLOCKS = YES;
				GCC_WARN_64_TO_32_BIT_CONVERSION = YES;
				GCC_WARN_ABOUT_RETURN_TYPE = YES_ERROR;
				GCC_WARN_UNDECLARED_SELECTOR = YES;
				GCC_WARN_UNINITIALIZED_AUTOS = YES_AGGRESSIVE;
				GCC_WARN_UNUSED_FUNCTION = YES;
				GCC_WARN_UNUSED_VARIABLE = YES;
				IPHONEOS_DEPLOYMENT_TARGET = 10.0;
				MTL_ENABLE_DEBUG_INFO = NO;
				SDKROOT = iphoneos;
				SWIFT_OPTIMIZATION_LEVEL = "-Owholemodule";
				VALIDATE_PRODUCT = YES;
			};
			name = Release;
		};
		9E6541391DCA358C009254CF /* Debug */ = {
			isa = XCBuildConfiguration;
			baseConfigurationReference = C61DEE7D658E37AC5C92F6E2 /* Pods-TraxyApp.debug.xcconfig */;
			buildSettings = {
				ASSETCATALOG_COMPILER_APPICON_NAME = AppIcon;
				DEVELOPMENT_TEAM = E8L8N4A5R2;
				INFOPLIST_FILE = TraxyApp/Info.plist;
				LD_RUNPATH_SEARCH_PATHS = "$(inherited) @executable_path/Frameworks";
				PRODUCT_BUNDLE_IDENTIFIER = edu.gvsu.cis.TraxyApp;
				PRODUCT_NAME = "$(TARGET_NAME)";
				SWIFT_VERSION = 3.0;
			};
			name = Debug;
		};
		9E65413A1DCA358C009254CF /* Release */ = {
			isa = XCBuildConfiguration;
			baseConfigurationReference = 068A72787DF7AF21B6902A04 /* Pods-TraxyApp.release.xcconfig */;
			buildSettings = {
				ASSETCATALOG_COMPILER_APPICON_NAME = AppIcon;
				DEVELOPMENT_TEAM = E8L8N4A5R2;
				INFOPLIST_FILE = TraxyApp/Info.plist;
				LD_RUNPATH_SEARCH_PATHS = "$(inherited) @executable_path/Frameworks";
				PRODUCT_BUNDLE_IDENTIFIER = edu.gvsu.cis.TraxyApp;
				PRODUCT_NAME = "$(TARGET_NAME)";
				SWIFT_VERSION = 3.0;
			};
			name = Release;
		};
		9E65413C1DCA358C009254CF /* Debug */ = {
			isa = XCBuildConfiguration;
			baseConfigurationReference = BF1E29C66ACAB0122BEB3EAA /* Pods-TraxyAppTests.debug.xcconfig */;
			buildSettings = {
				ALWAYS_EMBED_SWIFT_STANDARD_LIBRARIES = YES;
				BUNDLE_LOADER = "$(TEST_HOST)";
				DEVELOPMENT_TEAM = E8L8N4A5R2;
				INFOPLIST_FILE = TraxyAppTests/Info.plist;
				LD_RUNPATH_SEARCH_PATHS = "$(inherited) @executable_path/Frameworks @loader_path/Frameworks";
				PRODUCT_BUNDLE_IDENTIFIER = edu.gvsu.cis.TraxyAppTests;
				PRODUCT_NAME = "$(TARGET_NAME)";
				SWIFT_VERSION = 3.0;
				TEST_HOST = "$(BUILT_PRODUCTS_DIR)/TraxyApp.app/TraxyApp";
			};
			name = Debug;
		};
		9E65413D1DCA358C009254CF /* Release */ = {
			isa = XCBuildConfiguration;
			baseConfigurationReference = 6177555F455CF49F2F71605F /* Pods-TraxyAppTests.release.xcconfig */;
			buildSettings = {
				ALWAYS_EMBED_SWIFT_STANDARD_LIBRARIES = YES;
				BUNDLE_LOADER = "$(TEST_HOST)";
				DEVELOPMENT_TEAM = E8L8N4A5R2;
				INFOPLIST_FILE = TraxyAppTests/Info.plist;
				LD_RUNPATH_SEARCH_PATHS = "$(inherited) @executable_path/Frameworks @loader_path/Frameworks";
				PRODUCT_BUNDLE_IDENTIFIER = edu.gvsu.cis.TraxyAppTests;
				PRODUCT_NAME = "$(TARGET_NAME)";
				SWIFT_VERSION = 3.0;
				TEST_HOST = "$(BUILT_PRODUCTS_DIR)/TraxyApp.app/TraxyApp";
			};
			name = Release;
		};
		9E65413F1DCA358C009254CF /* Debug */ = {
			isa = XCBuildConfiguration;
			baseConfigurationReference = 299B93A4B502B9294760C45D /* Pods-TraxyAppUITests.debug.xcconfig */;
			buildSettings = {
				ALWAYS_EMBED_SWIFT_STANDARD_LIBRARIES = YES;
				DEVELOPMENT_TEAM = E8L8N4A5R2;
				INFOPLIST_FILE = TraxyAppUITests/Info.plist;
				LD_RUNPATH_SEARCH_PATHS = "$(inherited) @executable_path/Frameworks @loader_path/Frameworks";
				PRODUCT_BUNDLE_IDENTIFIER = edu.gvsu.cis.TraxyAppUITests;
				PRODUCT_NAME = "$(TARGET_NAME)";
				SWIFT_VERSION = 3.0;
				TEST_TARGET_NAME = TraxyApp;
			};
			name = Debug;
		};
		9E6541401DCA358C009254CF /* Release */ = {
			isa = XCBuildConfiguration;
			baseConfigurationReference = 973A22E9AD4F2304FAC71CCE /* Pods-TraxyAppUITests.release.xcconfig */;
			buildSettings = {
				ALWAYS_EMBED_SWIFT_STANDARD_LIBRARIES = YES;
				DEVELOPMENT_TEAM = E8L8N4A5R2;
				INFOPLIST_FILE = TraxyAppUITests/Info.plist;
				LD_RUNPATH_SEARCH_PATHS = "$(inherited) @executable_path/Frameworks @loader_path/Frameworks";
				PRODUCT_BUNDLE_IDENTIFIER = edu.gvsu.cis.TraxyAppUITests;
				PRODUCT_NAME = "$(TARGET_NAME)";
				SWIFT_VERSION = 3.0;
				TEST_TARGET_NAME = TraxyApp;
			};
			name = Release;
		};
/* End XCBuildConfiguration section */

/* Begin XCConfigurationList section */
		9E65410B1DCA358C009254CF /* Build configuration list for PBXProject "TraxyApp" */ = {
			isa = XCConfigurationList;
			buildConfigurations = (
				9E6541361DCA358C009254CF /* Debug */,
				9E6541371DCA358C009254CF /* Release */,
			);
			defaultConfigurationIsVisible = 0;
			defaultConfigurationName = Release;
		};
		9E6541381DCA358C009254CF /* Build configuration list for PBXNativeTarget "TraxyApp" */ = {
			isa = XCConfigurationList;
			buildConfigurations = (
				9E6541391DCA358C009254CF /* Debug */,
				9E65413A1DCA358C009254CF /* Release */,
			);
			defaultConfigurationIsVisible = 0;
			defaultConfigurationName = Release;
		};
		9E65413B1DCA358C009254CF /* Build configuration list for PBXNativeTarget "TraxyAppTests" */ = {
			isa = XCConfigurationList;
			buildConfigurations = (
				9E65413C1DCA358C009254CF /* Debug */,
				9E65413D1DCA358C009254CF /* Release */,
			);
			defaultConfigurationIsVisible = 0;
			defaultConfigurationName = Release;
		};
		9E65413E1DCA358C009254CF /* Build configuration list for PBXNativeTarget "TraxyAppUITests" */ = {
			isa = XCConfigurationList;
			buildConfigurations = (
				9E65413F1DCA358C009254CF /* Debug */,
				9E6541401DCA358C009254CF /* Release */,
			);
			defaultConfigurationIsVisible = 0;
			defaultConfigurationName = Release;
		};
/* End XCConfigurationList section */
	};
	rootObject = 9E6541081DCA358C009254CF /* Project object */;
}
